
Microsoft Visual Studio Solution File, Format Version 12.00
# Visual Studio Version 16
VisualStudioVersion = 16.0.29025.244
MinimumVisualStudioVersion = 10.0.40219.1
Project("{FAE04EC0-301F-11D3-BF4B-00C04F79EFBC}") = "XamarinForms15Net.Android", "XamarinForms15Net\XamarinForms15Net.Android\XamarinForms15Net.Android.csproj", "{59E9F6A2-77BE-44A9-8B89-5E2CD4A27F5A}"
EndProject
Project("{FAE04EC0-301F-11D3-BF4B-00C04F79EFBC}") = "XamarinForms15Net.iOS", "XamarinForms15Net\XamarinForms15Net.iOS\XamarinForms15Net.iOS.csproj", "{C4B8688C-500B-4911-9C8E-7E829E4BE73E}"
EndProject
Project("{FAE04EC0-301F-11D3-BF4B-00C04F79EFBC}") = "XamarinForms15Net", "XamarinForms15Net\XamarinForms15Net\XamarinForms15Net.csproj", "{F539E25E-D5BC-456B-8487-58109FA323A2}"
EndProject
Global
	GlobalSection(SolutionConfigurationPlatforms) = preSolution
		Debug|Any CPU = Debug|Any CPU
		Debug|iPhone = Debug|iPhone
		Debug|iPhoneSimulator = Debug|iPhoneSimulator
		Release|Any CPU = Release|Any CPU
		Release|iPhone = Release|iPhone
		Release|iPhoneSimulator = Release|iPhoneSimulator
	EndGlobalSection
	GlobalSection(ProjectConfigurationPlatforms) = postSolution
		{59E9F6A2-77BE-44A9-8B89-5E2CD4A27F5A}.Debug|Any CPU.ActiveCfg = Debug|Any CPU
		{59E9F6A2-77BE-44A9-8B89-5E2CD4A27F5A}.Debug|Any CPU.Build.0 = Debug|Any CPU
		{59E9F6A2-77BE-44A9-8B89-5E2CD4A27F5A}.Debug|Any CPU.Deploy.0 = Debug|Any CPU
		{59E9F6A2-77BE-44A9-8B89-5E2CD4A27F5A}.Debug|iPhone.ActiveCfg = Debug|Any CPU
		{59E9F6A2-77BE-44A9-8B89-5E2CD4A27F5A}.Debug|iPhone.Build.0 = Debug|Any CPU
		{59E9F6A2-77BE-44A9-8B89-5E2CD4A27F5A}.Debug|iPhone.Deploy.0 = Debug|Any CPU
		{59E9F6A2-77BE-44A9-8B89-5E2CD4A27F5A}.Debug|iPhoneSimulator.ActiveCfg = Debug|Any CPU
		{59E9F6A2-77BE-44A9-8B89-5E2CD4A27F5A}.Debug|iPhoneSimulator.Build.0 = Debug|Any CPU
		{59E9F6A2-77BE-44A9-8B89-5E2CD4A27F5A}.Debug|iPhoneSimulator.Deploy.0 = Debug|Any CPU
		{59E9F6A2-77BE-44A9-8B89-5E2CD4A27F5A}.Release|Any CPU.ActiveCfg = Release|Any CPU
		{59E9F6A2-77BE-44A9-8B89-5E2CD4A27F5A}.Release|Any CPU.Build.0 = Release|Any CPU
		{59E9F6A2-77BE-44A9-8B89-5E2CD4A27F5A}.Release|Any CPU.Deploy.0 = Release|Any CPU
		{59E9F6A2-77BE-44A9-8B89-5E2CD4A27F5A}.Release|iPhone.ActiveCfg = Release|Any CPU
		{59E9F6A2-77BE-44A9-8B89-5E2CD4A27F5A}.Release|iPhone.Build.0 = Release|Any CPU
		{59E9F6A2-77BE-44A9-8B89-5E2CD4A27F5A}.Release|iPhone.Deploy.0 = Release|Any CPU
		{59E9F6A2-77BE-44A9-8B89-5E2CD4A27F5A}.Release|iPhoneSimulator.ActiveCfg = Release|Any CPU
		{59E9F6A2-77BE-44A9-8B89-5E2CD4A27F5A}.Release|iPhoneSimulator.Build.0 = Release|Any CPU
		{59E9F6A2-77BE-44A9-8B89-5E2CD4A27F5A}.Release|iPhoneSimulator.Deploy.0 = Release|Any CPU
		{C4B8688C-500B-4911-9C8E-7E829E4BE73E}.Debug|Any CPU.ActiveCfg = Debug|iPhoneSimulator
		{C4B8688C-500B-4911-9C8E-7E829E4BE73E}.Debug|Any CPU.Build.0 = Debug|iPhoneSimulator
		{C4B8688C-500B-4911-9C8E-7E829E4BE73E}.Debug|Any CPU.Deploy.0 = Debug|iPhoneSimulator
		{C4B8688C-500B-4911-9C8E-7E829E4BE73E}.Debug|iPhone.ActiveCfg = Debug|iPhone
		{C4B8688C-500B-4911-9C8E-7E829E4BE73E}.Debug|iPhone.Build.0 = Debug|iPhone
		{C4B8688C-500B-4911-9C8E-7E829E4BE73E}.Debug|iPhone.Deploy.0 = Debug|iPhone
		{C4B8688C-500B-4911-9C8E-7E829E4BE73E}.Debug|iPhoneSimulator.ActiveCfg = Debug|iPhoneSimulator
		{C4B8688C-500B-4911-9C8E-7E829E4BE73E}.Debug|iPhoneSimulator.Build.0 = Debug|iPhoneSimulator
		{C4B8688C-500B-4911-9C8E-7E829E4BE73E}.Debug|iPhoneSimulator.Deploy.0 = Debug|iPhoneSimulator
		{C4B8688C-500B-4911-9C8E-7E829E4BE73E}.Release|Any CPU.ActiveCfg = Release|iPhone
		{C4B8688C-500B-4911-9C8E-7E829E4BE73E}.Release|Any CPU.Build.0 = Release|iPhone
		{C4B8688C-500B-4911-9C8E-7E829E4BE73E}.Release|Any CPU.Deploy.0 = Release|iPhone
		{C4B8688C-500B-4911-9C8E-7E829E4BE73E}.Release|iPhone.ActiveCfg = Release|iPhone
		{C4B8688C-500B-4911-9C8E-7E829E4BE73E}.Release|iPhone.Build.0 = Release|iPhone
		{C4B8688C-500B-4911-9C8E-7E829E4BE73E}.Release|iPhone.Deploy.0 = Release|iPhone
		{C4B8688C-500B-4911-9C8E-7E829E4BE73E}.Release|iPhoneSimulator.ActiveCfg = Release|iPhoneSimulator
		{C4B8688C-500B-4911-9C8E-7E829E4BE73E}.Release|iPhoneSimulator.Build.0 = Release|iPhoneSimulator
		{C4B8688C-500B-4911-9C8E-7E829E4BE73E}.Release|iPhoneSimulator.Deploy.0 = Release|iPhoneSimulator
		{F539E25E-D5BC-456B-8487-58109FA323A2}.Debug|Any CPU.ActiveCfg = Debug|Any CPU
		{F539E25E-D5BC-456B-8487-58109FA323A2}.Debug|Any CPU.Build.0 = Debug|Any CPU
		{F539E25E-D5BC-456B-8487-58109FA323A2}.Debug|Any CPU.Deploy.0 = Debug|Any CPU
		{F539E25E-D5BC-456B-8487-58109FA323A2}.Debug|iPhone.ActiveCfg = Debug|Any CPU
		{F539E25E-D5BC-456B-8487-58109FA323A2}.Debug|iPhone.Build.0 = Debug|Any CPU
		{F539E25E-D5BC-456B-8487-58109FA323A2}.Debug|iPhone.Deploy.0 = Debug|Any CPU
		{F539E25E-D5BC-456B-8487-58109FA323A2}.Debug|iPhoneSimulator.ActiveCfg = Debug|Any CPU
		{F539E25E-D5BC-456B-8487-58109FA323A2}.Debug|iPhoneSimulator.Build.0 = Debug|Any CPU
		{F539E25E-D5BC-456B-8487-58109FA323A2}.Debug|iPhoneSimulator.Deploy.0 = Debug|Any CPU
		{F539E25E-D5BC-456B-8487-58109FA323A2}.Release|Any CPU.ActiveCfg = Release|Any CPU
		{F539E25E-D5BC-456B-8487-58109FA323A2}.Release|Any CPU.Build.0 = Release|Any CPU
		{F539E25E-D5BC-456B-8487-58109FA323A2}.Release|Any CPU.Deploy.0 = Release|Any CPU
		{F539E25E-D5BC-456B-8487-58109FA323A2}.Release|iPhone.ActiveCfg = Release|Any CPU
		{F539E25E-D5BC-456B-8487-58109FA323A2}.Release|iPhone.Build.0 = Release|Any CPU
		{F539E25E-D5BC-456B-8487-58109FA323A2}.Release|iPhone.Deploy.0 = Release|Any CPU
		{F539E25E-D5BC-456B-8487-58109FA323A2}.Release|iPhoneSimulator.ActiveCfg = Release|Any CPU
		{F539E25E-D5BC-456B-8487-58109FA323A2}.Release|iPhoneSimulator.Build.0 = Release|Any CPU
		{F539E25E-D5BC-456B-8487-58109FA323A2}.Release|iPhoneSimulator.Deploy.0 = Release|Any CPU
	EndGlobalSection
	GlobalSection(SolutionProperties) = preSolution
		HideSolutionNode = FALSE
	EndGlobalSection
	GlobalSection(ExtensibilityGlobals) = postSolution
		SolutionGuid = {3A89B265-41DA-4775-AE22-4BE332CD4860}
	EndGlobalSection
EndGlobal
